
Microsoft Visual Studio Solution File, Format Version 12.00
# Visual Studio Version 17
VisualStudioVersion = 17.11.35312.102
MinimumVisualStudioVersion = 10.0.40219.1
Project("{9A19103F-16F7-4668-BE54-9A1E7A4F7556}") = "LDS_2425", "LDS_2425.csproj", "{4C19AC6D-8357-47FE-80B7-CB060FECE3EE}"
EndProject
Project("{FAE04EC0-301F-11D3-BF4B-00C04F79EFBC}") = "ReceiptControllerTest", "..\ReceiptControllerTest\ReceiptControllerTest.csproj", "{513705FD-2A1B-4F3B-A4CF-89DD0972E376}"
EndProject
Global
	GlobalSection(SolutionConfigurationPlatforms) = preSolution
		Debug|Any CPU = Debug|Any CPU
		Release|Any CPU = Release|Any CPU
	EndGlobalSection
	GlobalSection(ProjectConfigurationPlatforms) = postSolution
		{4C19AC6D-8357-47FE-80B7-CB060FECE3EE}.Debug|Any CPU.ActiveCfg = Debug|Any CPU
		{4C19AC6D-8357-47FE-80B7-CB060FECE3EE}.Debug|Any CPU.Build.0 = Debug|Any CPU
		{4C19AC6D-8357-47FE-80B7-CB060FECE3EE}.Release|Any CPU.ActiveCfg = Release|Any CPU
		{4C19AC6D-8357-47FE-80B7-CB060FECE3EE}.Release|Any CPU.Build.0 = Release|Any CPU
		{513705FD-2A1B-4F3B-A4CF-89DD0972E376}.Debug|Any CPU.ActiveCfg = Debug|Any CPU
		{513705FD-2A1B-4F3B-A4CF-89DD0972E376}.Debug|Any CPU.Build.0 = Debug|Any CPU
		{513705FD-2A1B-4F3B-A4CF-89DD0972E376}.Release|Any CPU.ActiveCfg = Release|Any CPU
		{513705FD-2A1B-4F3B-A4CF-89DD0972E376}.Release|Any CPU.Build.0 = Release|Any CPU
	EndGlobalSection
	GlobalSection(SolutionProperties) = preSolution
		HideSolutionNode = FALSE
	EndGlobalSection
	GlobalSection(ExtensibilityGlobals) = postSolution
		SolutionGuid = {B0F659F3-0578-48F9-A67B-A5CC2BCE4430}
	EndGlobalSection
EndGlobal
